
Microsoft Visual Studio Solution File, Format Version 12.00
# Visual Studio Version 16
VisualStudioVersion = 16.0.32428.217
MinimumVisualStudioVersion = 10.0.40219.1
Project("{FAE04EC0-301F-11D3-BF4B-00C04F79EFBC}") = "Sweeft_test", "Sweeft_test\Sweeft_test.csproj", "{F3A28509-ED08-4111-8B10-90D4C138ECD7}"
EndProject
Global
	GlobalSection(SolutionConfigurationPlatforms) = preSolution
		Debug|Any CPU = Debug|Any CPU
		Release|Any CPU = Release|Any CPU
	EndGlobalSection
	GlobalSection(ProjectConfigurationPlatforms) = postSolution
		{F3A28509-ED08-4111-8B10-90D4C138ECD7}.Debug|Any CPU.ActiveCfg = Debug|Any CPU
		{F3A28509-ED08-4111-8B10-90D4C138ECD7}.Debug|Any CPU.Build.0 = Debug|Any CPU
		{F3A28509-ED08-4111-8B10-90D4C138ECD7}.Release|Any CPU.ActiveCfg = Release|Any CPU
		{F3A28509-ED08-4111-8B10-90D4C138ECD7}.Release|Any CPU.Build.0 = Release|Any CPU
	EndGlobalSection
	GlobalSection(SolutionProperties) = preSolution
		HideSolutionNode = FALSE
	EndGlobalSection
	GlobalSection(ExtensibilityGlobals) = postSolution
		SolutionGuid = {F678EBEF-BFE9-4B44-8533-88394062A326}
	EndGlobalSection
EndGlobal
